
Microsoft Visual Studio Solution File, Format Version 12.00
# Visual Studio 15
VisualStudioVersion = 15.0.27428.2015
MinimumVisualStudioVersion = 10.0.40219.1
Project("{FAE04EC0-301F-11D3-BF4B-00C04F79EFBC}") = "ContraAndCovar", "ContraAndCovar\ContraAndCovar.csproj", "{114B5905-29F5-41B0-9A2A-DBD8D49A9C5D}"
EndProject
Global
	GlobalSection(SolutionConfigurationPlatforms) = preSolution
		Debug|Any CPU = Debug|Any CPU
		Release|Any CPU = Release|Any CPU
	EndGlobalSection
	GlobalSection(ProjectConfigurationPlatforms) = postSolution
		{114B5905-29F5-41B0-9A2A-DBD8D49A9C5D}.Debug|Any CPU.ActiveCfg = Debug|Any CPU
		{114B5905-29F5-41B0-9A2A-DBD8D49A9C5D}.Debug|Any CPU.Build.0 = Debug|Any CPU
		{114B5905-29F5-41B0-9A2A-DBD8D49A9C5D}.Release|Any CPU.ActiveCfg = Release|Any CPU
		{114B5905-29F5-41B0-9A2A-DBD8D49A9C5D}.Release|Any CPU.Build.0 = Release|Any CPU
	EndGlobalSection
	GlobalSection(SolutionProperties) = preSolution
		HideSolutionNode = FALSE
	EndGlobalSection
	GlobalSection(ExtensibilityGlobals) = postSolution
		SolutionGuid = {641C03AD-D968-4636-8FDA-7F1D113EF8F2}
	EndGlobalSection
EndGlobal
